// !$*UTF8*$!
{
	archiveVersion = 1;
	classes = {
	};
	objectVersion = 50;
	objects = {

/* Begin PBXBuildFile section */
		C21B903C27629E4100CD86DA /* AppDelegate.swift in Sources */ = {isa = PBXBuildFile; fileRef = C21B903B27629E4100CD86DA /* AppDelegate.swift */; };
		C21B904127629E4100CD86DA /* Main.storyboard in Resources */ = {isa = PBXBuildFile; fileRef = C21B903F27629E4100CD86DA /* Main.storyboard */; };
		C21B904327629E4400CD86DA /* Assets.xcassets in Resources */ = {isa = PBXBuildFile; fileRef = C21B904227629E4400CD86DA /* Assets.xcassets */; };
		C21B904627629E4400CD86DA /* LaunchScreen.storyboard in Resources */ = {isa = PBXBuildFile; fileRef = C21B904427629E4400CD86DA /* LaunchScreen.storyboard */; };
		C21B904E2762A45F00CD86DA /* SubRedditTableViewController.swift in Sources */ = {isa = PBXBuildFile; fileRef = C21B904D2762A45F00CD86DA /* SubRedditTableViewController.swift */; };
		C21B90502762A54800CD86DA /* Model.swift in Sources */ = {isa = PBXBuildFile; fileRef = C21B904F2762A54800CD86DA /* Model.swift */; };
		C21B90532762A6E900CD86DA /* SubRedditViewModel.swift in Sources */ = {isa = PBXBuildFile; fileRef = C21B90522762A6E900CD86DA /* SubRedditViewModel.swift */; };
		C2B7A5CA2762C018004BC028 /* Networking.swift in Sources */ = {isa = PBXBuildFile; fileRef = C2B7A5C92762C018004BC028 /* Networking.swift */; };
		C2B7A5CD2762D766004BC028 /* SubRedditTableViewCell.swift in Sources */ = {isa = PBXBuildFile; fileRef = C2B7A5CB2762D766004BC028 /* SubRedditTableViewCell.swift */; };
		C2BB4CC72763A77100F5ECCE /* RedditWebViewController.swift in Sources */ = {isa = PBXBuildFile; fileRef = C2BB4CC62763A77100F5ECCE /* RedditWebViewController.swift */; };
/* End PBXBuildFile section */

/* Begin PBXFileReference section */
		C219EC252763AA5E008B4CA5 /* WebKit.framework */ = {isa = PBXFileReference; lastKnownFileType = wrapper.framework; name = WebKit.framework; path = System/Library/Frameworks/WebKit.framework; sourceTree = SDKROOT; };
		C21B903827629E4100CD86DA /* SubReditter.app */ = {isa = PBXFileReference; explicitFileType = wrapper.application; includeInIndex = 0; path = SubReditter.app; sourceTree = BUILT_PRODUCTS_DIR; };
		C21B903B27629E4100CD86DA /* AppDelegate.swift */ = {isa = PBXFileReference; lastKnownFileType = sourcecode.swift; path = AppDelegate.swift; sourceTree = "<group>"; };
		C21B904027629E4100CD86DA /* Base */ = {isa = PBXFileReference; lastKnownFileType = file.storyboard; name = Base; path = Base.lproj/Main.storyboard; sourceTree = "<group>"; };
		C21B904227629E4400CD86DA /* Assets.xcassets */ = {isa = PBXFileReference; lastKnownFileType = folder.assetcatalog; path = Assets.xcassets; sourceTree = "<group>"; };
		C21B904527629E4400CD86DA /* Base */ = {isa = PBXFileReference; lastKnownFileType = file.storyboard; name = Base; path = Base.lproj/LaunchScreen.storyboard; sourceTree = "<group>"; };
		C21B904727629E4400CD86DA /* Info.plist */ = {isa = PBXFileReference; lastKnownFileType = text.plist.xml; path = Info.plist; sourceTree = "<group>"; };
		C21B904D2762A45F00CD86DA /* SubRedditTableViewController.swift */ = {isa = PBXFileReference; lastKnownFileType = sourcecode.swift; path = SubRedditTableViewController.swift; sourceTree = "<group>"; };
		C21B904F2762A54800CD86DA /* Model.swift */ = {isa = PBXFileReference; lastKnownFileType = sourcecode.swift; path = Model.swift; sourceTree = "<group>"; };
		C21B90522762A6E900CD86DA /* SubRedditViewModel.swift */ = {isa = PBXFileReference; lastKnownFileType = sourcecode.swift; path = SubRedditViewModel.swift; sourceTree = "<group>"; };
		C2B7A5C92762C018004BC028 /* Networking.swift */ = {isa = PBXFileReference; lastKnownFileType = sourcecode.swift; path = Networking.swift; sourceTree = "<group>"; };
		C2B7A5CB2762D766004BC028 /* SubRedditTableViewCell.swift */ = {isa = PBXFileReference; lastKnownFileType = sourcecode.swift; path = SubRedditTableViewCell.swift; sourceTree = "<group>"; };
		C2BB4CC62763A77100F5ECCE /* RedditWebViewController.swift */ = {isa = PBXFileReference; lastKnownFileType = sourcecode.swift; name = RedditWebViewController.swift; path = SubReditter/ViewControllers/RedditWebViewController.swift; sourceTree = SOURCE_ROOT; };
/* End PBXFileReference section */

/* Begin PBXFrameworksBuildPhase section */
		C21B903527629E4100CD86DA /* Frameworks */ = {
			isa = PBXFrameworksBuildPhase;
			buildActionMask = 2147483647;
			files = (
			);
			runOnlyForDeploymentPostprocessing = 0;
		};
/* End PBXFrameworksBuildPhase section */

/* Begin PBXGroup section */
		C219EC242763AA5E008B4CA5 /* Frameworks */ = {
			isa = PBXGroup;
			children = (
				C219EC252763AA5E008B4CA5 /* WebKit.framework */,
			);
			name = Frameworks;
			sourceTree = "<group>";
		};
		C219EC272763B265008B4CA5 /* ViewControllers */ = {
			isa = PBXGroup;
			children = (
				C2BB4CC62763A77100F5ECCE /* RedditWebViewController.swift */,
				C21B904D2762A45F00CD86DA /* SubRedditTableViewController.swift */,
			);
			path = ViewControllers;
			sourceTree = "<group>";
		};
		C219EC282763B278008B4CA5 /* ViewModel */ = {
			isa = PBXGroup;
			children = (
				C21B90522762A6E900CD86DA /* SubRedditViewModel.swift */,
			);
			path = ViewModel;
			sourceTree = "<group>";
		};
		C219EC292763B281008B4CA5 /* Networking */ = {
			isa = PBXGroup;
			children = (
				C2B7A5C92762C018004BC028 /* Networking.swift */,
			);
			path = Networking;
			sourceTree = "<group>";
		};
		C21B902F27629E4100CD86DA = {
			isa = PBXGroup;
			children = (
				C21B903A27629E4100CD86DA /* SubReditter */,
				C21B903927629E4100CD86DA /* Products */,
				C219EC242763AA5E008B4CA5 /* Frameworks */,
			);
			sourceTree = "<group>";
		};
		C21B903927629E4100CD86DA /* Products */ = {
			isa = PBXGroup;
			children = (
				C21B903827629E4100CD86DA /* SubReditter.app */,
			);
			name = Products;
			sourceTree = "<group>";
		};
		C21B903A27629E4100CD86DA /* SubReditter */ = {
			isa = PBXGroup;
			children = (
				C21B903B27629E4100CD86DA /* AppDelegate.swift */,
				C21B90512762A54B00CD86DA /* Model */,
				C219EC272763B265008B4CA5 /* ViewControllers */,
				C2B7A5CF2762D76B004BC028 /* SubRedditTableViewCell */,
				C219EC282763B278008B4CA5 /* ViewModel */,
				C219EC292763B281008B4CA5 /* Networking */,
				C21B903F27629E4100CD86DA /* Main.storyboard */,
				C21B904227629E4400CD86DA /* Assets.xcassets */,
				C21B904427629E4400CD86DA /* LaunchScreen.storyboard */,
				C21B904727629E4400CD86DA /* Info.plist */,
			);
			path = SubReditter;
			sourceTree = "<group>";
		};
		C21B90512762A54B00CD86DA /* Model */ = {
			isa = PBXGroup;
			children = (
				C21B904F2762A54800CD86DA /* Model.swift */,
			);
			path = Model;
			sourceTree = "<group>";
		};
		C2B7A5CF2762D76B004BC028 /* SubRedditTableViewCell */ = {
			isa = PBXGroup;
			children = (
				C2B7A5CB2762D766004BC028 /* SubRedditTableViewCell.swift */,
			);
			path = SubRedditTableViewCell;
			sourceTree = "<group>";
		};
/* End PBXGroup section */

/* Begin PBXNativeTarget section */
		C21B903727629E4100CD86DA /* SubReditter */ = {
			isa = PBXNativeTarget;
			buildConfigurationList = C21B904A27629E4400CD86DA /* Build configuration list for PBXNativeTarget "SubReditter" */;
			buildPhases = (
				C21B903427629E4100CD86DA /* Sources */,
				C21B903527629E4100CD86DA /* Frameworks */,
				C21B903627629E4100CD86DA /* Resources */,
			);
			buildRules = (
			);
			dependencies = (
			);
			name = SubReditter;
			productName = SubReditter;
			productReference = C21B903827629E4100CD86DA /* SubReditter.app */;
			productType = "com.apple.product-type.application";
		};
/* End PBXNativeTarget section */

/* Begin PBXProject section */
		C21B903027629E4100CD86DA /* Project object */ = {
			isa = PBXProject;
			attributes = {
				LastSwiftUpdateCheck = 1010;
				LastUpgradeCheck = 1010;
				ORGANIZATIONNAME = "MIchael Polyakov";
				TargetAttributes = {
					C21B903727629E4100CD86DA = {
						CreatedOnToolsVersion = 10.1;
					};
				};
			};
			buildConfigurationList = C21B903327629E4100CD86DA /* Build configuration list for PBXProject "SubReditter" */;
			compatibilityVersion = "Xcode 9.3";
			developmentRegion = en;
			hasScannedForEncodings = 0;
			knownRegions = (
				en,
				Base,
			);
			mainGroup = C21B902F27629E4100CD86DA;
			productRefGroup = C21B903927629E4100CD86DA /* Products */;
			projectDirPath = "";
			projectRoot = "";
			targets = (
				C21B903727629E4100CD86DA /* SubReditter */,
			);
		};
/* End PBXProject section */

/* Begin PBXResourcesBuildPhase section */
		C21B903627629E4100CD86DA /* Resources */ = {
			isa = PBXResourcesBuildPhase;
			buildActionMask = 2147483647;
			files = (
				C21B904627629E4400CD86DA /* LaunchScreen.storyboard in Resources */,
				C21B904327629E4400CD86DA /* Assets.xcassets in Resources */,
				C21B904127629E4100CD86DA /* Main.storyboard in Resources */,
			);
			runOnlyForDeploymentPostprocessing = 0;
		};
/* End PBXResourcesBuildPhase section */

/* Begin PBXSourcesBuildPhase section */
		C21B903427629E4100CD86DA /* Sources */ = {
			isa = PBXSourcesBuildPhase;
			buildActionMask = 2147483647;
			files = (
				C2B7A5CD2762D766004BC028 /* SubRedditTableViewCell.swift in Sources */,
				C2BB4CC72763A77100F5ECCE /* RedditWebViewController.swift in Sources */,
				C21B904E2762A45F00CD86DA /* SubRedditTableViewController.swift in Sources */,
				C2B7A5CA2762C018004BC028 /* Networking.swift in Sources */,
				C21B90532762A6E900CD86DA /* SubRedditViewModel.swift in Sources */,
				C21B903C27629E4100CD86DA /* AppDelegate.swift in Sources */,
				C21B90502762A54800CD86DA /* Model.swift in Sources */,
			);
			runOnlyForDeploymentPostprocessing = 0;
		};
/* End PBXSourcesBuildPhase section */

/* Begin PBXVariantGroup section */
		C21B903F27629E4100CD86DA /* Main.storyboard */ = {
			isa = PBXVariantGroup;
			children = (
				C21B904027629E4100CD86DA /* Base */,
			);
			name = Main.storyboard;
			sourceTree = "<group>";
		};
		C21B904427629E4400CD86DA /* LaunchScreen.storyboard */ = {
			isa = PBXVariantGroup;
			children = (
				C21B904527629E4400CD86DA /* Base */,
			);
			name = LaunchScreen.storyboard;
			sourceTree = "<group>";
		};
/* End PBXVariantGroup section */

/* Begin XCBuildConfiguration section */
		C21B904827629E4400CD86DA /* Debug */ = {
			isa = XCBuildConfiguration;
			buildSettings = {
				ALWAYS_SEARCH_USER_PATHS = NO;
				CLANG_ANALYZER_NONNULL = YES;
				CLANG_ANALYZER_NUMBER_OBJECT_CONVERSION = YES_AGGRESSIVE;
				CLANG_CXX_LANGUAGE_STANDARD = "gnu++14";
				CLANG_CXX_LIBRARY = "libc++";
				CLANG_ENABLE_MODULES = YES;
				CLANG_ENABLE_OBJC_ARC = YES;
				CLANG_ENABLE_OBJC_WEAK = YES;
				CLANG_WARN_BLOCK_CAPTURE_AUTORELEASING = YES;
				CLANG_WARN_BOOL_CONVERSION = YES;
				CLANG_WARN_COMMA = YES;
				CLANG_WARN_CONSTANT_CONVERSION = YES;
				CLANG_WARN_DEPRECATED_OBJC_IMPLEMENTATIONS = YES;
				CLANG_WARN_DIRECT_OBJC_ISA_USAGE = YES_ERROR;
				CLANG_WARN_DOCUMENTATION_COMMENTS = YES;
				CLANG_WARN_EMPTY_BODY = YES;
				CLANG_WARN_ENUM_CONVERSION = YES;
				CLANG_WARN_INFINITE_RECURSION = YES;
				CLANG_WARN_INT_CONVERSION = YES;
				CLANG_WARN_NON_LITERAL_NULL_CONVERSION = YES;
				CLANG_WARN_OBJC_IMPLICIT_RETAIN_SELF = YES;
				CLANG_WARN_OBJC_LITERAL_CONVERSION = YES;
				CLANG_WARN_OBJC_ROOT_CLASS = YES_ERROR;
				CLANG_WARN_RANGE_LOOP_ANALYSIS = YES;
				CLANG_WARN_STRICT_PROTOTYPES = YES;
				CLANG_WARN_SUSPICIOUS_MOVE = YES;
				CLANG_WARN_UNGUARDED_AVAILABILITY = YES_AGGRESSIVE;
				CLANG_WARN_UNREACHABLE_CODE = YES;
				CLANG_WARN__DUPLICATE_METHOD_MATCH = YES;
				CODE_SIGN_IDENTITY = "iPhone Developer";
				COPY_PHASE_STRIP = NO;
				DEBUG_INFORMATION_FORMAT = dwarf;
				ENABLE_STRICT_OBJC_MSGSEND = YES;
				ENABLE_TESTABILITY = YES;
				GCC_C_LANGUAGE_STANDARD = gnu11;
				GCC_DYNAMIC_NO_PIC = NO;
				GCC_NO_COMMON_BLOCKS = YES;
				GCC_OPTIMIZATION_LEVEL = 0;
				GCC_PREPROCESSOR_DEFINITIONS = (
					"DEBUG=1",
					"$(inherited)",
				);
				GCC_WARN_64_TO_32_BIT_CONVERSION = YES;
				GCC_WARN_ABOUT_RETURN_TYPE = YES_ERROR;
				GCC_WARN_UNDECLARED_SELECTOR = YES;
				GCC_WARN_UNINITIALIZED_AUTOS = YES_AGGRESSIVE;
				GCC_WARN_UNUSED_FUNCTION = YES;
				GCC_WARN_UNUSED_VARIABLE = YES;
				IPHONEOS_DEPLOYMENT_TARGET = 12.1;
				MTL_ENABLE_DEBUG_INFO = INCLUDE_SOURCE;
				MTL_FAST_MATH = YES;
				ONLY_ACTIVE_ARCH = YES;
				SDKROOT = iphoneos;
				SWIFT_ACTIVE_COMPILATION_CONDITIONS = DEBUG;
				SWIFT_OPTIMIZATION_LEVEL = "-Onone";
			};
			name = Debug;
		};
		C21B904927629E4400CD86DA /* Release */ = {
			isa = XCBuildConfiguration;
			buildSettings = {
				ALWAYS_SEARCH_USER_PATHS = NO;
				CLANG_ANALYZER_NONNULL = YES;
				CLANG_ANALYZER_NUMBER_OBJECT_CONVERSION = YES_AGGRESSIVE;
				CLANG_CXX_LANGUAGE_STANDARD = "gnu++14";
				CLANG_CXX_LIBRARY = "libc++";
				CLANG_ENABLE_MODULES = YES;
				CLANG_ENABLE_OBJC_ARC = YES;
				CLANG_ENABLE_OBJC_WEAK = YES;
				CLANG_WARN_BLOCK_CAPTURE_AUTORELEASING = YES;
				CLANG_WARN_BOOL_CONVERSION = YES;
				CLANG_WARN_COMMA = YES;
				CLANG_WARN_CONSTANT_CONVERSION = YES;
				CLANG_WARN_DEPRECATED_OBJC_IMPLEMENTATIONS = YES;
				CLANG_WARN_DIRECT_OBJC_ISA_USAGE = YES_ERROR;
				CLANG_WARN_DOCUMENTATION_COMMENTS = YES;
				CLANG_WARN_EMPTY_BODY = YES;
				CLANG_WARN_ENUM_CONVERSION = YES;
				CLANG_WARN_INFINITE_RECURSION = YES;
				CLANG_WARN_INT_CONVERSION = YES;
				CLANG_WARN_NON_LITERAL_NULL_CONVERSION = YES;
				CLANG_WARN_OBJC_IMPLICIT_RETAIN_SELF = YES;
				CLANG_WARN_OBJC_LITERAL_CONVERSION = YES;
				CLANG_WARN_OBJC_ROOT_CLASS = YES_ERROR;
				CLANG_WARN_RANGE_LOOP_ANALYSIS = YES;
				CLANG_WARN_STRICT_PROTOTYPES = YES;
				CLANG_WARN_SUSPICIOUS_MOVE = YES;
				CLANG_WARN_UNGUARDED_AVAILABILITY = YES_AGGRESSIVE;
				CLANG_WARN_UNREACHABLE_CODE = YES;
				CLANG_WARN__DUPLICATE_METHOD_MATCH = YES;
				CODE_SIGN_IDENTITY = "iPhone Developer";
				COPY_PHASE_STRIP = NO;
				DEBUG_INFORMATION_FORMAT = "dwarf-with-dsym";
				ENABLE_NS_ASSERTIONS = NO;
				ENABLE_STRICT_OBJC_MSGSEND = YES;
				GCC_C_LANGUAGE_STANDARD = gnu11;
				GCC_NO_COMMON_BLOCKS = YES;
				GCC_WARN_64_TO_32_BIT_CONVERSION = YES;
				GCC_WARN_ABOUT_RETURN_TYPE = YES_ERROR;
				GCC_WARN_UNDECLARED_SELECTOR = YES;
				GCC_WARN_UNINITIALIZED_AUTOS = YES_AGGRESSIVE;
				GCC_WARN_UNUSED_FUNCTION = YES;
				GCC_WARN_UNUSED_VARIABLE = YES;
				IPHONEOS_DEPLOYMENT_TARGET = 12.1;
				MTL_ENABLE_DEBUG_INFO = NO;
				MTL_FAST_MATH = YES;
				SDKROOT = iphoneos;
				SWIFT_COMPILATION_MODE = wholemodule;
				SWIFT_OPTIMIZATION_LEVEL = "-O";
				VALIDATE_PRODUCT = YES;
			};
			name = Release;
		};
		C21B904B27629E4400CD86DA /* Debug */ = {
			isa = XCBuildConfiguration;
			buildSettings = {
				ASSETCATALOG_COMPILER_APPICON_NAME = AppIcon;
				CODE_SIGN_STYLE = Automatic;
				DEVELOPMENT_TEAM = HEKBEU7F8D;
				INFOPLIST_FILE = SubReditter/Info.plist;
				IPHONEOS_DEPLOYMENT_TARGET = 12.1;
				LD_RUNPATH_SEARCH_PATHS = (
					"$(inherited)",
					"@executable_path/Frameworks",
				);
				PRODUCT_BUNDLE_IDENTIFIER = polyakov.michael.SubReditter.SubReditter;
				PRODUCT_NAME = "$(TARGET_NAME)";
				SWIFT_VERSION = 4.2;
				TARGETED_DEVICE_FAMILY = "1,2";
			};
			name = Debug;
		};
		C21B904C27629E4400CD86DA /* Release */ = {
			isa = XCBuildConfiguration;
			buildSettings = {
				ASSETCATALOG_COMPILER_APPICON_NAME = AppIcon;
				CODE_SIGN_STYLE = Automatic;
				DEVELOPMENT_TEAM = HEKBEU7F8D;
				INFOPLIST_FILE = SubReditter/Info.plist;
				IPHONEOS_DEPLOYMENT_TARGET = 12.1;
				LD_RUNPATH_SEARCH_PATHS = (
					"$(inherited)",
					"@executable_path/Frameworks",
				);
				PRODUCT_BUNDLE_IDENTIFIER = polyakov.michael.SubReditter.SubReditter;
				PRODUCT_NAME = "$(TARGET_NAME)";
				SWIFT_VERSION = 4.2;
				TARGETED_DEVICE_FAMILY = "1,2";
			};
			name = Release;
		};
/* End XCBuildConfiguration section */

/* Begin XCConfigurationList section */
		C21B903327629E4100CD86DA /* Build configuration list for PBXProject "SubReditter" */ = {
			isa = XCConfigurationList;
			buildConfigurations = (
				C21B904827629E4400CD86DA /* Debug */,
				C21B904927629E4400CD86DA /* Release */,
			);
			defaultConfigurationIsVisible = 0;
			defaultConfigurationName = Release;
		};
		C21B904A27629E4400CD86DA /* Build configuration list for PBXNativeTarget "SubReditter" */ = {
			isa = XCConfigurationList;
			buildConfigurations = (
				C21B904B27629E4400CD86DA /* Debug */,
				C21B904C27629E4400CD86DA /* Release */,
			);
			defaultConfigurationIsVisible = 0;
			defaultConfigurationName = Release;
		};
/* End XCConfigurationList section */
	};
	rootObject = C21B903027629E4100CD86DA /* Project object */;
}
